// !$*UTF8*$!
{
	archiveVersion = 1;
	classes = {
	};
	objectVersion = 77;
	objects = {

/* Begin PBXBuildFile section */
		510567952F77384E00820510 /* MWDATCamera in Frameworks */ = {isa = PBXBuildFile; productRef = 510567942F77384E00820510 /* MWDATCamera */; };
		510567972F77384E00820510 /* MWDATCore in Frameworks */ = {isa = PBXBuildFile; productRef = 510567962F77384E00820510 /* MWDATCore */; };
		510567992F77384E00820510 /* MWDATMockDevice in Frameworks */ = {isa = PBXBuildFile; productRef = 510567982F77384E00820510 /* MWDATMockDevice */; };
/* End PBXBuildFile section */

/* Begin PBXContainerItemProxy section */
		510567632F75BC6E00820510 /* PBXContainerItemProxy */ = {
			isa = PBXContainerItemProxy;
			containerPortal = 510567492F75BC6C00820510 /* Project object */;
			proxyType = 1;
			remoteGlobalIDString = 510567502F75BC6C00820510;
			remoteInfo = RayBanStream;
		};
		5105676D2F75BC6E00820510 /* PBXContainerItemProxy */ = {
			isa = PBXContainerItemProxy;
			containerPortal = 510567492F75BC6C00820510 /* Project object */;
			proxyType = 1;
			remoteGlobalIDString = 510567502F75BC6C00820510;
			remoteInfo = RayBanStream;
		};
/* End PBXContainerItemProxy section */

/* Begin PBXFileReference section */
		510567512F75BC6C00820510 /* RayBanStream.app */ = {isa = PBXFileReference; explicitFileType = wrapper.application; includeInIndex = 0; path = RayBanStream.app; sourceTree = BUILT_PRODUCTS_DIR; };
		510567622F75BC6E00820510 /* RayBanStreamTests.xctest */ = {isa = PBXFileReference; explicitFileType = wrapper.cfbundle; includeInIndex = 0; path = RayBanStreamTests.xctest; sourceTree = BUILT_PRODUCTS_DIR; };
		5105676C2F75BC6E00820510 /* RayBanStreamUITests.xctest */ = {isa = PBXFileReference; explicitFileType = wrapper.cfbundle; includeInIndex = 0; path = RayBanStreamUITests.xctest; sourceTree = BUILT_PRODUCTS_DIR; };
/* End PBXFileReference section */

/* Begin PBXFileSystemSynchronizedRootGroup section */
		510567532F75BC6C00820510 /* RayBanStream */ = {
			isa = PBXFileSystemSynchronizedRootGroup;
			path = RayBanStream;
			sourceTree = "<group>";
		};
		510567652F75BC6E00820510 /* RayBanStreamTests */ = {
			isa = PBXFileSystemSynchronizedRootGroup;
			path = RayBanStreamTests;
			sourceTree = "<group>";
		};
		5105676F2F75BC6E00820510 /* RayBanStreamUITests */ = {
			isa = PBXFileSystemSynchronizedRootGroup;
			path = RayBanStreamUITests;
			sourceTree = "<group>";
		};
/* End PBXFileSystemSynchronizedRootGroup section */

/* Begin PBXFrameworksBuildPhase section */
		5105674E2F75BC6C00820510 /* Frameworks */ = {
			isa = PBXFrameworksBuildPhase;
			buildActionMask = 2147483647;
			files = (
				510567952F77384E00820510 /* MWDATCamera in Frameworks */,
				510567992F77384E00820510 /* MWDATMockDevice in Frameworks */,
				510567972F77384E00820510 /* MWDATCore in Frameworks */,
			);
			runOnlyForDeploymentPostprocessing = 0;
		};
		5105675F2F75BC6E00820510 /* Frameworks */ = {
			isa = PBXFrameworksBuildPhase;
			buildActionMask = 2147483647;
			files = (
			);
			runOnlyForDeploymentPostprocessing = 0;
		};
		510567692F75BC6E00820510 /* Frameworks */ = {
			isa = PBXFrameworksBuildPhase;
			buildActionMask = 2147483647;
			files = (
			);
			runOnlyForDeploymentPostprocessing = 0;
		};
/* End PBXFrameworksBuildPhase section */

/* Begin PBXGroup section */
		510567482F75BC6C00820510 = {
			isa = PBXGroup;
			children = (
				510567532F75BC6C00820510 /* RayBanStream */,
				510567652F75BC6E00820510 /* RayBanStreamTests */,
				5105676F2F75BC6E00820510 /* RayBanStreamUITests */,
				5105678C2F7737B000820510 /* Frameworks */,
				510567522F75BC6C00820510 /* Products */,
			);
			sourceTree = "<group>";
		};
		510567522F75BC6C00820510 /* Products */ = {
			isa = PBXGroup;
			children = (
				510567512F75BC6C00820510 /* RayBanStream.app */,
				510567622F75BC6E00820510 /* RayBanStreamTests.xctest */,
				5105676C2F75BC6E00820510 /* RayBanStreamUITests.xctest */,
			);
			name = Products;
			sourceTree = "<group>";
		};
		5105678C2F7737B000820510 /* Frameworks */ = {
			isa = PBXGroup;
			children = (
			);
			name = Frameworks;
			sourceTree = "<group>";
		};
/* End PBXGroup section */

/* Begin PBXNativeTarget section */
		510567502F75BC6C00820510 /* RayBanStream */ = {
			isa = PBXNativeTarget;
			buildConfigurationList = 510567752F75BC6E00820510 /* Build configuration list for PBXNativeTarget "RayBanStream" */;
			buildPhases = (
				5105674D2F75BC6C00820510 /* Sources */,
				5105674E2F75BC6C00820510 /* Frameworks */,
				5105674F2F75BC6C00820510 /* Resources */,
			);
			buildRules = (
			);
			dependencies = (
			);
			fileSystemSynchronizedGroups = (
				510567532F75BC6C00820510 /* RayBanStream */,
			);
			name = RayBanStream;
			packageProductDependencies = (
				510567942F77384E00820510 /* MWDATCamera */,
				510567962F77384E00820510 /* MWDATCore */,
				510567982F77384E00820510 /* MWDATMockDevice */,
			);
			productName = RayBanStream;
			productReference = 510567512F75BC6C00820510 /* RayBanStream.app */;
			productType = "com.apple.product-type.application";
		};
		510567612F75BC6E00820510 /* RayBanStreamTests */ = {
			isa = PBXNativeTarget;
			buildConfigurationList = 5105677A2F75BC6E00820510 /* Build configuration list for PBXNativeTarget "RayBanStreamTests" */;
			buildPhases = (
				5105675E2F75BC6E00820510 /* Sources */,
				5105675F2F75BC6E00820510 /* Frameworks */,
				510567602F75BC6E00820510 /* Resources */,
			);
			buildRules = (
			);
			dependencies = (
				510567642F75BC6E00820510 /* PBXTargetDependency */,
			);
			fileSystemSynchronizedGroups = (
				510567652F75BC6E00820510 /* RayBanStreamTests */,
			);
			name = RayBanStreamTests;
			packageProductDependencies = (
			);
			productName = RayBanStreamTests;
			productReference = 510567622F75BC6E00820510 /* RayBanStreamTests.xctest */;
			productType = "com.apple.product-type.bundle.unit-test";
		};
		5105676B2F75BC6E00820510 /* RayBanStreamUITests */ = {
			isa = PBXNativeTarget;
			buildConfigurationList = 5105677D2F75BC6E00820510 /* Build configuration list for PBXNativeTarget "RayBanStreamUITests" */;
			buildPhases = (
				510567682F75BC6E00820510 /* Sources */,
				510567692F75BC6E00820510 /* Frameworks */,
				5105676A2F75BC6E00820510 /* Resources */,
			);
			buildRules = (
			);
			dependencies = (
				5105676E2F75BC6E00820510 /* PBXTargetDependency */,
			);
			fileSystemSynchronizedGroups = (
				5105676F2F75BC6E00820510 /* RayBanStreamUITests */,
			);
			name = RayBanStreamUITests;
			packageProductDependencies = (
			);
			productName = RayBanStreamUITests;
			productReference = 5105676C2F75BC6E00820510 /* RayBanStreamUITests.xctest */;
			productType = "com.apple.product-type.bundle.ui-testing";
		};
/* End PBXNativeTarget section */

/* Begin PBXProject section */
		510567492F75BC6C00820510 /* Project object */ = {
			isa = PBXProject;
			attributes = {
				BuildIndependentTargetsInParallel = 1;
				LastSwiftUpdateCheck = 2610;
				LastUpgradeCheck = 2610;
				TargetAttributes = {
					510567502F75BC6C00820510 = {
						CreatedOnToolsVersion = 26.1;
					};
					510567612F75BC6E00820510 = {
						CreatedOnToolsVersion = 26.1;
						TestTargetID = 510567502F75BC6C00820510;
					};
					5105676B2F75BC6E00820510 = {
						CreatedOnToolsVersion = 26.1;
						TestTargetID = 510567502F75BC6C00820510;
					};
				};
			};
			buildConfigurationList = 5105674C2F75BC6C00820510 /* Build configuration list for PBXProject "RayBanStream" */;
			developmentRegion = en;
			hasScannedForEncodings = 0;
			knownRegions = (
				en,
				Base,
			);
			mainGroup = 510567482F75BC6C00820510;
			minimizedProjectReferenceProxies = 1;
			packageReferences = (
				510567932F77384600820510 /* XCRemoteSwiftPackageReference "meta-wearables-dat-ios" */,
			);
			preferredProjectObjectVersion = 77;
			productRefGroup = 510567522F75BC6C00820510 /* Products */;
			projectDirPath = "";
			projectRoot = "";
			targets = (
				510567502F75BC6C00820510 /* RayBanStream */,
				510567612F75BC6E00820510 /* RayBanStreamTests */,
				5105676B2F75BC6E00820510 /* RayBanStreamUITests */,
			);
		};
/* End PBXProject section */

/* Begin PBXResourcesBuildPhase section */
		5105674F2F75BC6C00820510 /* Resources */ = {
			isa = PBXResourcesBuildPhase;
			buildActionMask = 2147483647;
			files = (
			);
			runOnlyForDeploymentPostprocessing = 0;
		};
		510567602F75BC6E00820510 /* Resources */ = {
			isa = PBXResourcesBuildPhase;
			buildActionMask = 2147483647;
			files = (
			);
			runOnlyForDeploymentPostprocessing = 0;
		};
		5105676A2F75BC6E00820510 /* Resources */ = {
			isa = PBXResourcesBuildPhase;
			buildActionMask = 2147483647;
			files = (
			);
			runOnlyForDeploymentPostprocessing = 0;
		};
/* End PBXResourcesBuildPhase section */

/* Begin PBXSourcesBuildPhase section */
		5105674D2F75BC6C00820510 /* Sources */ = {
			isa = PBXSourcesBuildPhase;
			buildActionMask = 2147483647;
			files = (
			);
			runOnlyForDeploymentPostprocessing = 0;
		};
		5105675E2F75BC6E00820510 /* Sources */ = {
			isa = PBXSourcesBuildPhase;
			buildActionMask = 2147483647;
			files = (
			);
			runOnlyForDeploymentPostprocessing = 0;
		};
		510567682F75BC6E00820510 /* Sources */ = {
			isa = PBXSourcesBuildPhase;
			buildActionMask = 2147483647;
			files = (
			);
			runOnlyForDeploymentPostprocessing = 0;
		};
/* End PBXSourcesBuildPhase section */

/* Begin PBXTargetDependency section */
		510567642F75BC6E00820510 /* PBXTargetDependency */ = {
			isa = PBXTargetDependency;
			target = 510567502F75BC6C00820510 /* RayBanStream */;
			targetProxy = 510567632F75BC6E00820510 /* PBXContainerItemProxy */;
		};
		5105676E2F75BC6E00820510 /* PBXTargetDependency */ = {
			isa = PBXTargetDependency;
			target = 510567502F75BC6C00820510 /* RayBanStream */;
			targetProxy = 5105676D2F75BC6E00820510 /* PBXContainerItemProxy */;
		};
/* End PBXTargetDependency section */

/* Begin XCBuildConfiguration section */
		510567762F75BC6E00820510 /* Debug */ = {
			isa = XCBuildConfiguration;
			buildSettings = {
				ASSETCATALOG_COMPILER_APPICON_NAME = AppIcon;
				ASSETCATALOG_COMPILER_GLOBAL_ACCENT_COLOR_NAME = AccentColor;
				CODE_SIGN_STYLE = Automatic;
				CURRENT_PROJECT_VERSION = 1;
				DEVELOPMENT_TEAM = 3WQXU3268P;
				ENABLE_PREVIEWS = YES;
				GENERATE_INFOPLIST_FILE = YES;
				INFOPLIST_FILE = "RayBanStream/MWDAT-Info.plist";
				INFOPLIST_KEY_UIApplicationSceneManifest_Generation = YES;
				INFOPLIST_KEY_UIApplicationSupportsIndirectInputEvents = YES;
				INFOPLIST_KEY_UILaunchScreen_Generation = YES;
				INFOPLIST_KEY_UISupportedInterfaceOrientations = "UIInterfaceOrientationLandscapeLeft UIInterfaceOrientationLandscapeRight UIInterfaceOrientationPortrait";
				INFOPLIST_KEY_UISupportedInterfaceOrientations_iPad = "UIInterfaceOrientationLandscapeLeft UIInterfaceOrientationPortrait UIInterfaceOrientationPortraitUpsideDown";
				LD_RUNPATH_SEARCH_PATHS = (
					"$(inherited)",
					"@executable_path/Frameworks",
				);
				MARKETING_VERSION = 1.0;
				PRODUCT_BUNDLE_IDENTIFIER = com.shoujinhao.RayBanStream;
				PRODUCT_NAME = "$(TARGET_NAME)";
				STRING_CATALOG_GENERATE_SYMBOLS = YES;
				SWIFT_APPROACHABLE_CONCURRENCY = YES;
				SWIFT_DEFAULT_ACTOR_ISOLATION = MainActor;
				SWIFT_EMIT_LOC_STRINGS = YES;
				SWIFT_UPCOMING_FEATURE_MEMBER_IMPORT_VISIBILITY = YES;
				SWIFT_VERSION = 5.0;
				TARGETED_DEVICE_FAMILY = "1,2";
			};
			name = Debug;
		};
		510567772F75BC6E00820510 /* Release */ = {
			isa = XCBuildConfiguration;
			buildSettings = {
				ASSETCATALOG_COMPILER_APPICON_NAME = AppIcon;
				ASSETCATALOG_COMPILER_GLOBAL_ACCENT_COLOR_NAME = AccentColor;
				CODE_SIGN_STYLE = Automatic;
				CURRENT_PROJECT_VERSION = 1;
				DEVELOPMENT_TEAM = 3WQXU3268P;
				ENABLE_PREVIEWS = YES;
				GENERATE_INFOPLIST_FILE = YES;
				INFOPLIST_FILE = "RayBanStream/MWDAT-Info.plist";
				INFOPLIST_KEY_UIApplicationSceneManifest_Generation = YES;
				INFOPLIST_KEY_UIApplicationSupportsIndirectInputEvents = YES;
				INFOPLIST_KEY_UILaunchScreen_Generation = YES;
				INFOPLIST_KEY_UISupportedInterfaceOrientations = "UIInterfaceOrientationLandscapeLeft UIInterfaceOrientationLandscapeRight UIInterfaceOrientationPortrait";
				INFOPLIST_KEY_UISupportedInterfaceOrientations_iPad = "UIInterfaceOrientationLandscapeLeft UIInterfaceOrientationPortrait UIInterfaceOrientationPortraitUpsideDown";
				LD_RUNPATH_SEARCH_PATHS = (
					"$(inherited)",
					"@executable_path/Frameworks",
				);
				MARKETING_VERSION = 1.0;
				PRODUCT_BUNDLE_IDENTIFIER = com.shoujinhao.RayBanStream;
				PRODUCT_NAME = "$(TARGET_NAME)";
				STRING_CATALOG_GENERATE_SYMBOLS = YES;
				SWIFT_APPROACHABLE_CONCURRENCY = YES;
				SWIFT_DEFAULT_ACTOR_ISOLATION = MainActor;
				SWIFT_EMIT_LOC_STRINGS = YES;
				SWIFT_UPCOMING_FEATURE_MEMBER_IMPORT_VISIBILITY = YES;
				SWIFT_VERSION = 5.0;
				TARGETED_DEVICE_FAMILY = "1,2";
			};
			name = Release;
		};
		510567782F75BC6E00820510 /* Debug */ = {
			isa = XCBuildConfiguration;
			buildSettings = {
				ALWAYS_SEARCH_USER_PATHS = NO;
				ASSETCATALOG_COMPILER_GENERATE_SWIFT_ASSET_SYMBOL_EXTENSIONS = YES;
				CLANG_ANALYZER_NONNULL = YES;
				CLANG_ANALYZER_NUMBER_OBJECT_CONVERSION = YES_AGGRESSIVE;
				CLANG_CXX_LANGUAGE_STANDARD = "gnu++20";
				CLANG_ENABLE_MODULES = YES;
				CLANG_ENABLE_OBJC_ARC = YES;
				CLANG_ENABLE_OBJC_WEAK = YES;
				CLANG_WARN_BLOCK_CAPTURE_AUTORELEASING = YES;
				CLANG_WARN_BOOL_CONVERSION = YES;
				CLANG_WARN_COMMA = YES;
				CLANG_WARN_CONSTANT_CONVERSION = YES;
				CLANG_WARN_DEPRECATED_OBJC_IMPLEMENTATIONS = YES;
				CLANG_WARN_DIRECT_OBJC_ISA_USAGE = YES_ERROR;
				CLANG_WARN_DOCUMENTATION_COMMENTS = YES;
				CLANG_WARN_EMPTY_BODY = YES;
				CLANG_WARN_ENUM_CONVERSION = YES;
				CLANG_WARN_INFINITE_RECURSION = YES;
				CLANG_WARN_INT_CONVERSION = YES;
				CLANG_WARN_NON_LITERAL_NULL_CONVERSION = YES;
				CLANG_WARN_OBJC_IMPLICIT_RETAIN_SELF = YES;
				CLANG_WARN_OBJC_LITERAL_CONVERSION = YES;
				CLANG_WARN_OBJC_ROOT_CLASS = YES_ERROR;
				CLANG_WARN_QUOTED_INCLUDE_IN_FRAMEWORK_HEADER = YES;
				CLANG_WARN_RANGE_LOOP_ANALYSIS = YES;
				CLANG_WARN_STRICT_PROTOTYPES = YES;
				CLANG_WARN_SUSPICIOUS_MOVE = YES;
				CLANG_WARN_UNGUARDED_AVAILABILITY = YES_AGGRESSIVE;
				CLANG_WARN_UNREACHABLE_CODE = YES;
				CLANG_WARN__DUPLICATE_METHOD_MATCH = YES;
				COPY_PHASE_STRIP = NO;
				DEBUG_INFORMATION_FORMAT = dwarf;
				ENABLE_STRICT_OBJC_MSGSEND = YES;
				ENABLE_TESTABILITY = YES;
				ENABLE_USER_SCRIPT_SANDBOXING = YES;
				GCC_C_LANGUAGE_STANDARD = gnu17;
				GCC_DYNAMIC_NO_PIC = NO;
				GCC_NO_COMMON_BLOCKS = YES;
				GCC_OPTIMIZATION_LEVEL = 0;
				GCC_PREPROCESSOR_DEFINITIONS = (
					"DEBUG=1",
					"$(inherited)",
				);
				GCC_WARN_64_TO_32_BIT_CONVERSION = YES;
				GCC_WARN_ABOUT_RETURN_TYPE = YES_ERROR;
				GCC_WARN_UNDECLARED_SELECTOR = YES;
				GCC_WARN_UNINITIALIZED_AUTOS = YES_AGGRESSIVE;
				GCC_WARN_UNUSED_FUNCTION = YES;
				GCC_WARN_UNUSED_VARIABLE = YES;
				IPHONEOS_DEPLOYMENT_TARGET = 26.1;
				LOCALIZATION_PREFERS_STRING_CATALOGS = YES;
				MTL_ENABLE_DEBUG_INFO = INCLUDE_SOURCE;
				MTL_FAST_MATH = YES;
				ONLY_ACTIVE_ARCH = YES;
				SDKROOT = iphoneos;
				SWIFT_ACTIVE_COMPILATION_CONDITIONS = "DEBUG $(inherited)";
				SWIFT_OPTIMIZATION_LEVEL = "-Onone";
			};
			name = Debug;
		};
		510567792F75BC6E00820510 /* Release */ = {
			isa = XCBuildConfiguration;
			buildSettings = {
				ALWAYS_SEARCH_USER_PATHS = NO;
				ASSETCATALOG_COMPILER_GENERATE_SWIFT_ASSET_SYMBOL_EXTENSIONS = YES;
				CLANG_ANALYZER_NONNULL = YES;
				CLANG_ANALYZER_NUMBER_OBJECT_CONVERSION = YES_AGGRESSIVE;
				CLANG_CXX_LANGUAGE_STANDARD = "gnu++20";
				CLANG_ENABLE_MODULES = YES;
				CLANG_ENABLE_OBJC_ARC = YES;
				CLANG_ENABLE_OBJC_WEAK = YES;
				CLANG_WARN_BLOCK_CAPTURE_AUTORELEASING = YES;
				CLANG_WARN_BOOL_CONVERSION = YES;
				CLANG_WARN_COMMA = YES;
				CLANG_WARN_CONSTANT_CONVERSION = YES;
				CLANG_WARN_DEPRECATED_OBJC_IMPLEMENTATIONS = YES;
				CLANG_WARN_DIRECT_OBJC_ISA_USAGE = YES_ERROR;
				CLANG_WARN_DOCUMENTATION_COMMENTS = YES;
				CLANG_WARN_EMPTY_BODY = YES;
				CLANG_WARN_ENUM_CONVERSION = YES;
				CLANG_WARN_INFINITE_RECURSION = YES;
				CLANG_WARN_INT_CONVERSION = YES;
				CLANG_WARN_NON_LITERAL_NULL_CONVERSION = YES;
				CLANG_WARN_OBJC_IMPLICIT_RETAIN_SELF = YES;
				CLANG_WARN_OBJC_LITERAL_CONVERSION = YES;
				CLANG_WARN_OBJC_ROOT_CLASS = YES_ERROR;
				CLANG_WARN_QUOTED_INCLUDE_IN_FRAMEWORK_HEADER = YES;
				CLANG_WARN_RANGE_LOOP_ANALYSIS = YES;
				CLANG_WARN_STRICT_PROTOTYPES = YES;
				CLANG_WARN_SUSPICIOUS_MOVE = YES;
				CLANG_WARN_UNGUARDED_AVAILABILITY = YES_AGGRESSIVE;
				CLANG_WARN_UNREACHABLE_CODE = YES;
				CLANG_WARN__DUPLICATE_METHOD_MATCH = YES;
				COPY_PHASE_STRIP = NO;
				DEBUG_INFORMATION_FORMAT = "dwarf-with-dsym";
				ENABLE_NS_ASSERTIONS = NO;
				ENABLE_STRICT_OBJC_MSGSEND = YES;
				ENABLE_USER_SCRIPT_SANDBOXING = YES;
				GCC_C_LANGUAGE_STANDARD = gnu17;
				GCC_NO_COMMON_BLOCKS = YES;
				GCC_WARN_64_TO_32_BIT_CONVERSION = YES;
				GCC_WARN_ABOUT_RETURN_TYPE = YES_ERROR;
				GCC_WARN_UNDECLARED_SELECTOR = YES;
				GCC_WARN_UNINITIALIZED_AUTOS = YES_AGGRESSIVE;
				GCC_WARN_UNUSED_FUNCTION = YES;
				GCC_WARN_UNUSED_VARIABLE = YES;
				IPHONEOS_DEPLOYMENT_TARGET = 26.1;
				LOCALIZATION_PREFERS_STRING_CATALOGS = YES;
				MTL_ENABLE_DEBUG_INFO = NO;
				MTL_FAST_MATH = YES;
				SDKROOT = iphoneos;
				SWIFT_COMPILATION_MODE = wholemodule;
				VALIDATE_PRODUCT = YES;
			};
			name = Release;
		};
		5105677B2F75BC6E00820510 /* Debug */ = {
			isa = XCBuildConfiguration;
			buildSettings = {
				BUNDLE_LOADER = "$(TEST_HOST)";
				CODE_SIGN_STYLE = Automatic;
				CURRENT_PROJECT_VERSION = 1;
				GENERATE_INFOPLIST_FILE = YES;
				IPHONEOS_DEPLOYMENT_TARGET = 26.1;
				MARKETING_VERSION = 1.0;
				PRODUCT_BUNDLE_IDENTIFIER = com.shoujinhao.RayBanStreamTests;
				PRODUCT_NAME = "$(TARGET_NAME)";
				STRING_CATALOG_GENERATE_SYMBOLS = NO;
				SWIFT_APPROACHABLE_CONCURRENCY = YES;
				SWIFT_EMIT_LOC_STRINGS = NO;
				SWIFT_UPCOMING_FEATURE_MEMBER_IMPORT_VISIBILITY = YES;
				SWIFT_VERSION = 5.0;
				TARGETED_DEVICE_FAMILY = "1,2";
				TEST_HOST = "$(BUILT_PRODUCTS_DIR)/RayBanStream.app/$(BUNDLE_EXECUTABLE_FOLDER_PATH)/RayBanStream";
			};
			name = Debug;
		};
		5105677C2F75BC6E00820510 /* Release */ = {
			isa = XCBuildConfiguration;
			buildSettings = {
				BUNDLE_LOADER = "$(TEST_HOST)";
				CODE_SIGN_STYLE = Automatic;
				CURRENT_PROJECT_VERSION = 1;
				GENERATE_INFOPLIST_FILE = YES;
				IPHONEOS_DEPLOYMENT_TARGET = 26.1;
				MARKETING_VERSION = 1.0;
				PRODUCT_BUNDLE_IDENTIFIER = com.shoujinhao.RayBanStreamTests;
				PRODUCT_NAME = "$(TARGET_NAME)";
				STRING_CATALOG_GENERATE_SYMBOLS = NO;
				SWIFT_APPROACHABLE_CONCURRENCY = YES;
				SWIFT_EMIT_LOC_STRINGS = NO;
				SWIFT_UPCOMING_FEATURE_MEMBER_IMPORT_VISIBILITY = YES;
				SWIFT_VERSION = 5.0;
				TARGETED_DEVICE_FAMILY = "1,2";
				TEST_HOST = "$(BUILT_PRODUCTS_DIR)/RayBanStream.app/$(BUNDLE_EXECUTABLE_FOLDER_PATH)/RayBanStream";
			};
			name = Release;
		};
		5105677E2F75BC6E00820510 /* Debug */ = {
			isa = XCBuildConfiguration;
			buildSettings = {
				CODE_SIGN_STYLE = Automatic;
				CURRENT_PROJECT_VERSION = 1;
				GENERATE_INFOPLIST_FILE = YES;
				MARKETING_VERSION = 1.0;
				PRODUCT_BUNDLE_IDENTIFIER = com.shoujinhao.RayBanStreamUITests;
				PRODUCT_NAME = "$(TARGET_NAME)";
				STRING_CATALOG_GENERATE_SYMBOLS = NO;
				SWIFT_APPROACHABLE_CONCURRENCY = YES;
				SWIFT_EMIT_LOC_STRINGS = NO;
				SWIFT_UPCOMING_FEATURE_MEMBER_IMPORT_VISIBILITY = YES;
				SWIFT_VERSION = 5.0;
				TARGETED_DEVICE_FAMILY = "1,2";
				TEST_TARGET_NAME = RayBanStream;
			};
			name = Debug;
		};
		5105677F2F75BC6E00820510 /* Release */ = {
			isa = XCBuildConfiguration;
			buildSettings = {
				CODE_SIGN_STYLE = Automatic;
				CURRENT_PROJECT_VERSION = 1;
				GENERATE_INFOPLIST_FILE = YES;
				MARKETING_VERSION = 1.0;
				PRODUCT_BUNDLE_IDENTIFIER = com.shoujinhao.RayBanStreamUITests;
				PRODUCT_NAME = "$(TARGET_NAME)";
				STRING_CATALOG_GENERATE_SYMBOLS = NO;
				SWIFT_APPROACHABLE_CONCURRENCY = YES;
				SWIFT_EMIT_LOC_STRINGS = NO;
				SWIFT_UPCOMING_FEATURE_MEMBER_IMPORT_VISIBILITY = YES;
				SWIFT_VERSION = 5.0;
				TARGETED_DEVICE_FAMILY = "1,2";
				TEST_TARGET_NAME = RayBanStream;
			};
			name = Release;
		};
/* End XCBuildConfiguration section */

/* Begin XCConfigurationList section */
		5105674C2F75BC6C00820510 /* Build configuration list for PBXProject "RayBanStream" */ = {
			isa = XCConfigurationList;
			buildConfigurations = (
				510567782F75BC6E00820510 /* Debug */,
				510567792F75BC6E00820510 /* Release */,
			);
			defaultConfigurationIsVisible = 0;
			defaultConfigurationName = Release;
		};
		510567752F75BC6E00820510 /* Build configuration list for PBXNativeTarget "RayBanStream" */ = {
			isa = XCConfigurationList;
			buildConfigurations = (
				510567762F75BC6E00820510 /* Debug */,
				510567772F75BC6E00820510 /* Release */,
			);
			defaultConfigurationIsVisible = 0;
			defaultConfigurationName = Release;
		};
		5105677A2F75BC6E00820510 /* Build configuration list for PBXNativeTarget "RayBanStreamTests" */ = {
			isa = XCConfigurationList;
			buildConfigurations = (
				5105677B2F75BC6E00820510 /* Debug */,
				5105677C2F75BC6E00820510 /* Release */,
			);
			defaultConfigurationIsVisible = 0;
			defaultConfigurationName = Release;
		};
		5105677D2F75BC6E00820510 /* Build configuration list for PBXNativeTarget "RayBanStreamUITests" */ = {
			isa = XCConfigurationList;
			buildConfigurations = (
				5105677E2F75BC6E00820510 /* Debug */,
				5105677F2F75BC6E00820510 /* Release */,
			);
			defaultConfigurationIsVisible = 0;
			defaultConfigurationName = Release;
		};
/* End XCConfigurationList section */

/* Begin XCRemoteSwiftPackageReference section */
		510567932F77384600820510 /* XCRemoteSwiftPackageReference "meta-wearables-dat-ios" */ = {
			isa = XCRemoteSwiftPackageReference;
			repositoryURL = "https://github.com/facebook/meta-wearables-dat-ios";
			requirement = {
				kind = upToNextMajorVersion;
				minimumVersion = 0.5.0;
			};
		};
/* End XCRemoteSwiftPackageReference section */

/* Begin XCSwiftPackageProductDependency section */
		510567942F77384E00820510 /* MWDATCamera */ = {
			isa = XCSwiftPackageProductDependency;
			package = 510567932F77384600820510 /* XCRemoteSwiftPackageReference "meta-wearables-dat-ios" */;
			productName = MWDATCamera;
		};
		510567962F77384E00820510 /* MWDATCore */ = {
			isa = XCSwiftPackageProductDependency;
			package = 510567932F77384600820510 /* XCRemoteSwiftPackageReference "meta-wearables-dat-ios" */;
			productName = MWDATCore;
		};
		510567982F77384E00820510 /* MWDATMockDevice */ = {
			isa = XCSwiftPackageProductDependency;
			package = 510567932F77384600820510 /* XCRemoteSwiftPackageReference "meta-wearables-dat-ios" */;
			productName = MWDATMockDevice;
		};
/* End XCSwiftPackageProductDependency section */
	};
	rootObject = 510567492F75BC6C00820510 /* Project object */;
}
